
Microsoft Visual Studio Solution File, Format Version 12.00
# Visual Studio 15
VisualStudioVersion = 15.0.27703.2042
MinimumVisualStudioVersion = 10.0.40219.1
Project("{FAE04EC0-301F-11D3-BF4B-00C04F79EFBC}") = "net35iothub", "net35iothub\net35iothub.csproj", "{49C0FC57-CEC8-4EE6-A5F7-BC9F898E116E}"
EndProject
Global
	GlobalSection(SolutionConfigurationPlatforms) = preSolution
		Debug|Any CPU = Debug|Any CPU
		Release|Any CPU = Release|Any CPU
	EndGlobalSection
	GlobalSection(ProjectConfigurationPlatforms) = postSolution
		{49C0FC57-CEC8-4EE6-A5F7-BC9F898E116E}.Debug|Any CPU.ActiveCfg = Debug|Any CPU
		{49C0FC57-CEC8-4EE6-A5F7-BC9F898E116E}.Debug|Any CPU.Build.0 = Debug|Any CPU
		{49C0FC57-CEC8-4EE6-A5F7-BC9F898E116E}.Release|Any CPU.ActiveCfg = Release|Any CPU
		{49C0FC57-CEC8-4EE6-A5F7-BC9F898E116E}.Release|Any CPU.Build.0 = Release|Any CPU
	EndGlobalSection
	GlobalSection(SolutionProperties) = preSolution
		HideSolutionNode = FALSE
	EndGlobalSection
	GlobalSection(ExtensibilityGlobals) = postSolution
		SolutionGuid = {EBDC1530-7A13-4137-95D3-0B7C1E0B7B15}
	EndGlobalSection
EndGlobal
